// !$*UTF8*$!
{
	archiveVersion = 1;
	classes = {
	};
	objectVersion = 56;
	objects = {

/* Begin PBXBuildFile section */
		211D62122C0753B8003DBE8F /* recipeViewTwo.swift in Sources */ = {isa = PBXBuildFile; fileRef = 211D62112C0753B8003DBE8F /* recipeViewTwo.swift */; };
		2139872A2BFB767C0050214E /* trofiAppApp.swift in Sources */ = {isa = PBXBuildFile; fileRef = 213987292BFB767C0050214E /* trofiAppApp.swift */; };
		2139872C2BFB767C0050214E /* ContentView.swift in Sources */ = {isa = PBXBuildFile; fileRef = 2139872B2BFB767C0050214E /* ContentView.swift */; };
		2139872E2BFB767D0050214E /* Assets.xcassets in Resources */ = {isa = PBXBuildFile; fileRef = 2139872D2BFB767D0050214E /* Assets.xcassets */; };
		213987312BFB767D0050214E /* Preview Assets.xcassets in Resources */ = {isa = PBXBuildFile; fileRef = 213987302BFB767D0050214E /* Preview Assets.xcassets */; };
		213987392BFB7B110050214E /* splashScreen.swift in Sources */ = {isa = PBXBuildFile; fileRef = 213987382BFB7B110050214E /* splashScreen.swift */; };
		213987462BFB80F60050214E /* dala-floda-medium.ttf in Resources */ = {isa = PBXBuildFile; fileRef = 213987452BFB80F60050214E /* dala-floda-medium.ttf */; };
		213987482BFB91630050214E /* homePage.swift in Sources */ = {isa = PBXBuildFile; fileRef = 213987472BFB91630050214E /* homePage.swift */; };
		2139874A2BFB91700050214E /* insightsView.swift in Sources */ = {isa = PBXBuildFile; fileRef = 213987492BFB91700050214E /* insightsView.swift */; };
		2139874C2BFB91910050214E /* galleryView.swift in Sources */ = {isa = PBXBuildFile; fileRef = 2139874B2BFB91910050214E /* galleryView.swift */; };
		2139874E2BFB919F0050214E /* recipeView.swift in Sources */ = {isa = PBXBuildFile; fileRef = 2139874D2BFB919F0050214E /* recipeView.swift */; };
		213987662BFB978A0050214E /* BouncyButton.swift in Sources */ = {isa = PBXBuildFile; fileRef = 213987632BFB978A0050214E /* BouncyButton.swift */; };
		213987682BFB978A0050214E /* HapticsManager.swift in Sources */ = {isa = PBXBuildFile; fileRef = 213987652BFB978A0050214E /* HapticsManager.swift */; };
		2139876B2BFB97B10050214E /* ButtonModel.swift in Sources */ = {isa = PBXBuildFile; fileRef = 2139876A2BFB97B10050214E /* ButtonModel.swift */; };
		2139876F2BFB98350050214E /* SecondExpandedView.swift in Sources */ = {isa = PBXBuildFile; fileRef = 2139876C2BFB98350050214E /* SecondExpandedView.swift */; };
		213987712BFB98350050214E /* FirstExpandedView.swift in Sources */ = {isa = PBXBuildFile; fileRef = 2139876E2BFB98350050214E /* FirstExpandedView.swift */; };
		213987722BFB98CF0050214E /* Colors.swift in Sources */ = {isa = PBXBuildFile; fileRef = 213987642BFB978A0050214E /* Colors.swift */; };
		213987742BFB9CC20050214E /* viewController.swift in Sources */ = {isa = PBXBuildFile; fileRef = 213987732BFB9CC20050214E /* viewController.swift */; };
		218630142BFCE19600599708 /* WidgetKit.framework in Frameworks */ = {isa = PBXBuildFile; fileRef = 218630132BFCE19600599708 /* WidgetKit.framework */; };
		218630162BFCE19600599708 /* SwiftUI.framework in Frameworks */ = {isa = PBXBuildFile; fileRef = 218630152BFCE19600599708 /* SwiftUI.framework */; };
		218630192BFCE19600599708 /* LogDIshWidgetBundle.swift in Sources */ = {isa = PBXBuildFile; fileRef = 218630182BFCE19600599708 /* LogDIshWidgetBundle.swift */; };
		2186301B2BFCE19600599708 /* LogDIshWidgetLiveActivity.swift in Sources */ = {isa = PBXBuildFile; fileRef = 2186301A2BFCE19600599708 /* LogDIshWidgetLiveActivity.swift */; };
		2186301D2BFCE19600599708 /* LogDIshWidget.swift in Sources */ = {isa = PBXBuildFile; fileRef = 2186301C2BFCE19600599708 /* LogDIshWidget.swift */; };
		2186301F2BFCE19600599708 /* AppIntent.swift in Sources */ = {isa = PBXBuildFile; fileRef = 2186301E2BFCE19600599708 /* AppIntent.swift */; };
		218630212BFCE19700599708 /* Assets.xcassets in Resources */ = {isa = PBXBuildFile; fileRef = 218630202BFCE19700599708 /* Assets.xcassets */; };
		218630252BFCE19700599708 /* LogDIshWidgetExtension.appex in Embed Foundation Extensions */ = {isa = PBXBuildFile; fileRef = 218630112BFCE19600599708 /* LogDIshWidgetExtension.appex */; settings = {ATTRIBUTES = (RemoveHeadersOnCopy, ); }; };
		2186302C2BFE302600599708 /* ClassModels.swift in Sources */ = {isa = PBXBuildFile; fileRef = 2186302B2BFE302600599708 /* ClassModels.swift */; };
		C1D7CC212C00BD8E00206BD2 /* NetworkManager.swift in Sources */ = {isa = PBXBuildFile; fileRef = C1D7CC202C00BD8E00206BD2 /* NetworkManager.swift */; };
		C1D7CC232C00BE5F00206BD2 /* RecipeModels.swift in Sources */ = {isa = PBXBuildFile; fileRef = C1D7CC222C00BE5F00206BD2 /* RecipeModels.swift */; };
/* End PBXBuildFile section */

/* Begin PBXCopyFilesBuildPhase section */
		218630262BFCE19700599708 /* Embed Foundation Extensions */ = {
			isa = PBXCopyFilesBuildPhase;
			buildActionMask = 2147483647;
			dstPath = "";
			dstSubfolderSpec = 13;
			files = (
				218630252BFCE19700599708 /* LogDIshWidgetExtension.appex in Embed Foundation Extensions */,
			);
			name = "Embed Foundation Extensions";
			runOnlyForDeploymentPostprocessing = 0;
		};
/* End PBXCopyFilesBuildPhase section */

/* Begin PBXFileReference section */
		211D62112C0753B8003DBE8F /* recipeViewTwo.swift */ = {isa = PBXFileReference; lastKnownFileType = sourcecode.swift; path = recipeViewTwo.swift; sourceTree = "<group>"; };
		213987262BFB767C0050214E /* trofi.app */ = {isa = PBXFileReference; explicitFileType = wrapper.application; includeInIndex = 0; path = trofi.app; sourceTree = BUILT_PRODUCTS_DIR; };
		213987292BFB767C0050214E /* trofiAppApp.swift */ = {isa = PBXFileReference; lastKnownFileType = sourcecode.swift; path = trofiAppApp.swift; sourceTree = "<group>"; };
		2139872B2BFB767C0050214E /* ContentView.swift */ = {isa = PBXFileReference; lastKnownFileType = sourcecode.swift; path = ContentView.swift; sourceTree = "<group>"; };
		2139872D2BFB767D0050214E /* Assets.xcassets */ = {isa = PBXFileReference; lastKnownFileType = folder.assetcatalog; path = Assets.xcassets; sourceTree = "<group>"; };
		213987302BFB767D0050214E /* Preview Assets.xcassets */ = {isa = PBXFileReference; lastKnownFileType = folder.assetcatalog; path = "Preview Assets.xcassets"; sourceTree = "<group>"; };
		213987382BFB7B110050214E /* splashScreen.swift */ = {isa = PBXFileReference; lastKnownFileType = sourcecode.swift; path = splashScreen.swift; sourceTree = "<group>"; };
		213987412BFB7E460050214E /* Info.plist */ = {isa = PBXFileReference; lastKnownFileType = text.plist; path = Info.plist; sourceTree = "<group>"; };
		213987452BFB80F60050214E /* dala-floda-medium.ttf */ = {isa = PBXFileReference; lastKnownFileType = file; path = "dala-floda-medium.ttf"; sourceTree = "<group>"; };
		213987472BFB91630050214E /* homePage.swift */ = {isa = PBXFileReference; lastKnownFileType = sourcecode.swift; path = homePage.swift; sourceTree = "<group>"; };
		213987492BFB91700050214E /* insightsView.swift */ = {isa = PBXFileReference; lastKnownFileType = sourcecode.swift; path = insightsView.swift; sourceTree = "<group>"; };
		2139874B2BFB91910050214E /* galleryView.swift */ = {isa = PBXFileReference; lastKnownFileType = sourcecode.swift; path = galleryView.swift; sourceTree = "<group>"; };
		2139874D2BFB919F0050214E /* recipeView.swift */ = {isa = PBXFileReference; lastKnownFileType = sourcecode.swift; path = recipeView.swift; sourceTree = "<group>"; };
		213987632BFB978A0050214E /* BouncyButton.swift */ = {isa = PBXFileReference; fileEncoding = 4; lastKnownFileType = sourcecode.swift; path = BouncyButton.swift; sourceTree = "<group>"; };
		213987642BFB978A0050214E /* Colors.swift */ = {isa = PBXFileReference; fileEncoding = 4; lastKnownFileType = sourcecode.swift; path = Colors.swift; sourceTree = "<group>"; };
		213987652BFB978A0050214E /* HapticsManager.swift */ = {isa = PBXFileReference; fileEncoding = 4; lastKnownFileType = sourcecode.swift; path = HapticsManager.swift; sourceTree = "<group>"; };
		2139876A2BFB97B10050214E /* ButtonModel.swift */ = {isa = PBXFileReference; fileEncoding = 4; lastKnownFileType = sourcecode.swift; path = ButtonModel.swift; sourceTree = "<group>"; };
		2139876C2BFB98350050214E /* SecondExpandedView.swift */ = {isa = PBXFileReference; fileEncoding = 4; lastKnownFileType = sourcecode.swift; path = SecondExpandedView.swift; sourceTree = "<group>"; };
		2139876E2BFB98350050214E /* FirstExpandedView.swift */ = {isa = PBXFileReference; fileEncoding = 4; lastKnownFileType = sourcecode.swift; path = FirstExpandedView.swift; sourceTree = "<group>"; };
		213987732BFB9CC20050214E /* viewController.swift */ = {isa = PBXFileReference; fileEncoding = 4; lastKnownFileType = sourcecode.swift; path = viewController.swift; sourceTree = "<group>"; };
		218630112BFCE19600599708 /* LogDIshWidgetExtension.appex */ = {isa = PBXFileReference; explicitFileType = "wrapper.app-extension"; includeInIndex = 0; path = LogDIshWidgetExtension.appex; sourceTree = BUILT_PRODUCTS_DIR; };
		218630132BFCE19600599708 /* WidgetKit.framework */ = {isa = PBXFileReference; lastKnownFileType = wrapper.framework; name = WidgetKit.framework; path = System/Library/Frameworks/WidgetKit.framework; sourceTree = SDKROOT; };
		218630152BFCE19600599708 /* SwiftUI.framework */ = {isa = PBXFileReference; lastKnownFileType = wrapper.framework; name = SwiftUI.framework; path = System/Library/Frameworks/SwiftUI.framework; sourceTree = SDKROOT; };
		218630182BFCE19600599708 /* LogDIshWidgetBundle.swift */ = {isa = PBXFileReference; lastKnownFileType = sourcecode.swift; path = LogDIshWidgetBundle.swift; sourceTree = "<group>"; };
		2186301A2BFCE19600599708 /* LogDIshWidgetLiveActivity.swift */ = {isa = PBXFileReference; lastKnownFileType = sourcecode.swift; path = LogDIshWidgetLiveActivity.swift; sourceTree = "<group>"; };
		2186301C2BFCE19600599708 /* LogDIshWidget.swift */ = {isa = PBXFileReference; lastKnownFileType = sourcecode.swift; path = LogDIshWidget.swift; sourceTree = "<group>"; };
		2186301E2BFCE19600599708 /* AppIntent.swift */ = {isa = PBXFileReference; lastKnownFileType = sourcecode.swift; path = AppIntent.swift; sourceTree = "<group>"; };
		218630202BFCE19700599708 /* Assets.xcassets */ = {isa = PBXFileReference; lastKnownFileType = folder.assetcatalog; path = Assets.xcassets; sourceTree = "<group>"; };
		218630222BFCE19700599708 /* Info.plist */ = {isa = PBXFileReference; lastKnownFileType = text.plist.xml; path = Info.plist; sourceTree = "<group>"; };
		2186302A2BFCE3A400599708 /* dala-floda-medium.ttf */ = {isa = PBXFileReference; lastKnownFileType = file; path = "dala-floda-medium.ttf"; sourceTree = "<group>"; };
		2186302B2BFE302600599708 /* ClassModels.swift */ = {isa = PBXFileReference; lastKnownFileType = sourcecode.swift; path = ClassModels.swift; sourceTree = "<group>"; };
		2186302D2BFE307100599708 /* trofi.entitlements */ = {isa = PBXFileReference; lastKnownFileType = text.plist.entitlements; path = trofi.entitlements; sourceTree = "<group>"; };
		C1D7CC202C00BD8E00206BD2 /* NetworkManager.swift */ = {isa = PBXFileReference; lastKnownFileType = sourcecode.swift; path = NetworkManager.swift; sourceTree = "<group>"; };
		C1D7CC222C00BE5F00206BD2 /* RecipeModels.swift */ = {isa = PBXFileReference; lastKnownFileType = sourcecode.swift; path = RecipeModels.swift; sourceTree = "<group>"; };
/* End PBXFileReference section */

/* Begin PBXFrameworksBuildPhase section */
		213987232BFB767C0050214E /* Frameworks */ = {
			isa = PBXFrameworksBuildPhase;
			buildActionMask = 2147483647;
			files = (
			);
			runOnlyForDeploymentPostprocessing = 0;
		};
		2186300E2BFCE19600599708 /* Frameworks */ = {
			isa = PBXFrameworksBuildPhase;
			buildActionMask = 2147483647;
			files = (
				218630162BFCE19600599708 /* SwiftUI.framework in Frameworks */,
				218630142BFCE19600599708 /* WidgetKit.framework in Frameworks */,
			);
			runOnlyForDeploymentPostprocessing = 0;
		};
/* End PBXFrameworksBuildPhase section */

/* Begin PBXGroup section */
		2139871D2BFB767C0050214E = {
			isa = PBXGroup;
			children = (
				2186302D2BFE307100599708 /* trofi.entitlements */,
				213987282BFB767C0050214E /* trofiApp */,
				218630172BFCE19600599708 /* LogDIshWidget */,
				218630122BFCE19600599708 /* Frameworks */,
				213987272BFB767C0050214E /* Products */,
			);
			sourceTree = "<group>";
		};
		213987272BFB767C0050214E /* Products */ = {
			isa = PBXGroup;
			children = (
				213987262BFB767C0050214E /* trofi.app */,
				218630112BFCE19600599708 /* LogDIshWidgetExtension.appex */,
			);
			name = Products;
			sourceTree = "<group>";
		};
		213987282BFB767C0050214E /* trofiApp */ = {
			isa = PBXGroup;
			children = (
				213987692BFB97920050214E /* Model */,
				213987622BFB976B0050214E /* Manager */,
				213987442BFB80D50050214E /* Fonts */,
				213987412BFB7E460050214E /* Info.plist */,
				213987292BFB767C0050214E /* trofiAppApp.swift */,
				2139872B2BFB767C0050214E /* ContentView.swift */,
				213987372BFB7AED0050214E /* Views */,
				2139872D2BFB767D0050214E /* Assets.xcassets */,
				2139872F2BFB767D0050214E /* Preview Content */,
			);
			path = trofiApp;
			sourceTree = "<group>";
		};
		2139872F2BFB767D0050214E /* Preview Content */ = {
			isa = PBXGroup;
			children = (
				213987302BFB767D0050214E /* Preview Assets.xcassets */,
			);
			path = "Preview Content";
			sourceTree = "<group>";
		};
		213987372BFB7AED0050214E /* Views */ = {
			isa = PBXGroup;
			children = (
				213987472BFB91630050214E /* homePage.swift */,
				213987382BFB7B110050214E /* splashScreen.swift */,
				213987492BFB91700050214E /* insightsView.swift */,
				2139874D2BFB919F0050214E /* recipeView.swift */,
				2139874B2BFB91910050214E /* galleryView.swift */,
				2139876E2BFB98350050214E /* FirstExpandedView.swift */,
				2139876C2BFB98350050214E /* SecondExpandedView.swift */,
				211D62112C0753B8003DBE8F /* recipeViewTwo.swift */,
			);
			path = Views;
			sourceTree = "<group>";
		};
		213987442BFB80D50050214E /* Fonts */ = {
			isa = PBXGroup;
			children = (
				213987452BFB80F60050214E /* dala-floda-medium.ttf */,
			);
			path = Fonts;
			sourceTree = "<group>";
		};
		213987622BFB976B0050214E /* Manager */ = {
			isa = PBXGroup;
			children = (
				213987732BFB9CC20050214E /* viewController.swift */,
				213987632BFB978A0050214E /* BouncyButton.swift */,
				213987642BFB978A0050214E /* Colors.swift */,
				213987652BFB978A0050214E /* HapticsManager.swift */,
				C1D7CC202C00BD8E00206BD2 /* NetworkManager.swift */,
			);
			path = Manager;
			sourceTree = "<group>";
		};
		213987692BFB97920050214E /* Model */ = {
			isa = PBXGroup;
			children = (
				2139876A2BFB97B10050214E /* ButtonModel.swift */,
				2186302B2BFE302600599708 /* ClassModels.swift */,
				C1D7CC222C00BE5F00206BD2 /* RecipeModels.swift */,
			);
			path = Model;
			sourceTree = "<group>";
		};
		218630122BFCE19600599708 /* Frameworks */ = {
			isa = PBXGroup;
			children = (
				218630132BFCE19600599708 /* WidgetKit.framework */,
				218630152BFCE19600599708 /* SwiftUI.framework */,
			);
			name = Frameworks;
			sourceTree = "<group>";
		};
		218630172BFCE19600599708 /* LogDIshWidget */ = {
			isa = PBXGroup;
			children = (
				2186302A2BFCE3A400599708 /* dala-floda-medium.ttf */,
				218630182BFCE19600599708 /* LogDIshWidgetBundle.swift */,
				2186301A2BFCE19600599708 /* LogDIshWidgetLiveActivity.swift */,
				2186301C2BFCE19600599708 /* LogDIshWidget.swift */,
				2186301E2BFCE19600599708 /* AppIntent.swift */,
				218630202BFCE19700599708 /* Assets.xcassets */,
				218630222BFCE19700599708 /* Info.plist */,
			);
			path = LogDIshWidget;
			sourceTree = "<group>";
		};
/* End PBXGroup section */

/* Begin PBXNativeTarget section */
		213987252BFB767C0050214E /* trofi */ = {
			isa = PBXNativeTarget;
			buildConfigurationList = 213987342BFB767D0050214E /* Build configuration list for PBXNativeTarget "trofi" */;
			buildPhases = (
				213987222BFB767C0050214E /* Sources */,
				213987232BFB767C0050214E /* Frameworks */,
				213987242BFB767C0050214E /* Resources */,
				218630262BFCE19700599708 /* Embed Foundation Extensions */,
			);
			buildRules = (
			);
			dependencies = (
			);
			name = trofi;
			productName = trofiApp;
			productReference = 213987262BFB767C0050214E /* trofi.app */;
			productType = "com.apple.product-type.application";
		};
		218630102BFCE19600599708 /* LogDIshWidgetExtension */ = {
			isa = PBXNativeTarget;
			buildConfigurationList = 218630292BFCE19700599708 /* Build configuration list for PBXNativeTarget "LogDIshWidgetExtension" */;
			buildPhases = (
				2186300D2BFCE19600599708 /* Sources */,
				2186300E2BFCE19600599708 /* Frameworks */,
				2186300F2BFCE19600599708 /* Resources */,
			);
			buildRules = (
			);
			dependencies = (
			);
			name = LogDIshWidgetExtension;
			productName = LogDIshWidgetExtension;
			productReference = 218630112BFCE19600599708 /* LogDIshWidgetExtension.appex */;
			productType = "com.apple.product-type.app-extension";
		};
/* End PBXNativeTarget section */

/* Begin PBXProject section */
		2139871E2BFB767C0050214E /* Project object */ = {
			isa = PBXProject;
			attributes = {
				BuildIndependentTargetsInParallel = 1;
				LastSwiftUpdateCheck = 1500;
				LastUpgradeCheck = 1500;
				TargetAttributes = {
					213987252BFB767C0050214E = {
						CreatedOnToolsVersion = 15.0.1;
					};
					218630102BFCE19600599708 = {
						CreatedOnToolsVersion = 15.0.1;
					};
				};
			};
			buildConfigurationList = 213987212BFB767C0050214E /* Build configuration list for PBXProject "trofi" */;
			compatibilityVersion = "Xcode 14.0";
			developmentRegion = en;
			hasScannedForEncodings = 0;
			knownRegions = (
				en,
				Base,
			);
			mainGroup = 2139871D2BFB767C0050214E;
			productRefGroup = 213987272BFB767C0050214E /* Products */;
			projectDirPath = "";
			projectRoot = "";
			targets = (
				213987252BFB767C0050214E /* trofi */,
				218630102BFCE19600599708 /* LogDIshWidgetExtension */,
			);
		};
/* End PBXProject section */

/* Begin PBXResourcesBuildPhase section */
		213987242BFB767C0050214E /* Resources */ = {
			isa = PBXResourcesBuildPhase;
			buildActionMask = 2147483647;
			files = (
				213987312BFB767D0050214E /* Preview Assets.xcassets in Resources */,
				213987462BFB80F60050214E /* dala-floda-medium.ttf in Resources */,
				2139872E2BFB767D0050214E /* Assets.xcassets in Resources */,
			);
			runOnlyForDeploymentPostprocessing = 0;
		};
		2186300F2BFCE19600599708 /* Resources */ = {
			isa = PBXResourcesBuildPhase;
			buildActionMask = 2147483647;
			files = (
				218630212BFCE19700599708 /* Assets.xcassets in Resources */,
			);
			runOnlyForDeploymentPostprocessing = 0;
		};
/* End PBXResourcesBuildPhase section */

/* Begin PBXSourcesBuildPhase section */
		213987222BFB767C0050214E /* Sources */ = {
			isa = PBXSourcesBuildPhase;
			buildActionMask = 2147483647;
			files = (
				213987742BFB9CC20050214E /* viewController.swift in Sources */,
				211D62122C0753B8003DBE8F /* recipeViewTwo.swift in Sources */,
				2139874E2BFB919F0050214E /* recipeView.swift in Sources */,
				C1D7CC232C00BE5F00206BD2 /* RecipeModels.swift in Sources */,
				213987662BFB978A0050214E /* BouncyButton.swift in Sources */,
				213987392BFB7B110050214E /* splashScreen.swift in Sources */,
				C1D7CC212C00BD8E00206BD2 /* NetworkManager.swift in Sources */,
				213987712BFB98350050214E /* FirstExpandedView.swift in Sources */,
				2139874A2BFB91700050214E /* insightsView.swift in Sources */,
				2139872C2BFB767C0050214E /* ContentView.swift in Sources */,
				2186302C2BFE302600599708 /* ClassModels.swift in Sources */,
				2139872A2BFB767C0050214E /* trofiAppApp.swift in Sources */,
				2139876F2BFB98350050214E /* SecondExpandedView.swift in Sources */,
				213987722BFB98CF0050214E /* Colors.swift in Sources */,
				213987482BFB91630050214E /* homePage.swift in Sources */,
				2139876B2BFB97B10050214E /* ButtonModel.swift in Sources */,
				213987682BFB978A0050214E /* HapticsManager.swift in Sources */,
				2139874C2BFB91910050214E /* galleryView.swift in Sources */,
			);
			runOnlyForDeploymentPostprocessing = 0;
		};
		2186300D2BFCE19600599708 /* Sources */ = {
			isa = PBXSourcesBuildPhase;
			buildActionMask = 2147483647;
			files = (
				2186301D2BFCE19600599708 /* LogDIshWidget.swift in Sources */,
				2186301F2BFCE19600599708 /* AppIntent.swift in Sources */,
				218630192BFCE19600599708 /* LogDIshWidgetBundle.swift in Sources */,
				2186301B2BFCE19600599708 /* LogDIshWidgetLiveActivity.swift in Sources */,
			);
			runOnlyForDeploymentPostprocessing = 0;
		};
/* End PBXSourcesBuildPhase section */

/* Begin XCBuildConfiguration section */
		213987322BFB767D0050214E /* Debug */ = {
			isa = XCBuildConfiguration;
			buildSettings = {
				ALWAYS_SEARCH_USER_PATHS = NO;
				ASSETCATALOG_COMPILER_GENERATE_SWIFT_ASSET_SYMBOL_EXTENSIONS = YES;
				CLANG_ANALYZER_NONNULL = YES;
				CLANG_ANALYZER_NUMBER_OBJECT_CONVERSION = YES_AGGRESSIVE;
				CLANG_CXX_LANGUAGE_STANDARD = "gnu++20";
				CLANG_ENABLE_MODULES = YES;
				CLANG_ENABLE_OBJC_ARC = YES;
				CLANG_ENABLE_OBJC_WEAK = YES;
				CLANG_WARN_BLOCK_CAPTURE_AUTORELEASING = YES;
				CLANG_WARN_BOOL_CONVERSION = YES;
				CLANG_WARN_COMMA = YES;
				CLANG_WARN_CONSTANT_CONVERSION = YES;
				CLANG_WARN_DEPRECATED_OBJC_IMPLEMENTATIONS = YES;
				CLANG_WARN_DIRECT_OBJC_ISA_USAGE = YES_ERROR;
				CLANG_WARN_DOCUMENTATION_COMMENTS = YES;
				CLANG_WARN_EMPTY_BODY = YES;
				CLANG_WARN_ENUM_CONVERSION = YES;
				CLANG_WARN_INFINITE_RECURSION = YES;
				CLANG_WARN_INT_CONVERSION = YES;
				CLANG_WARN_NON_LITERAL_NULL_CONVERSION = YES;
				CLANG_WARN_OBJC_IMPLICIT_RETAIN_SELF = YES;
				CLANG_WARN_OBJC_LITERAL_CONVERSION = YES;
				CLANG_WARN_OBJC_ROOT_CLASS = YES_ERROR;
				CLANG_WARN_QUOTED_INCLUDE_IN_FRAMEWORK_HEADER = YES;
				CLANG_WARN_RANGE_LOOP_ANALYSIS = YES;
				CLANG_WARN_STRICT_PROTOTYPES = YES;
				CLANG_WARN_SUSPICIOUS_MOVE = YES;
				CLANG_WARN_UNGUARDED_AVAILABILITY = YES_AGGRESSIVE;
				CLANG_WARN_UNREACHABLE_CODE = YES;
				CLANG_WARN__DUPLICATE_METHOD_MATCH = YES;
				COPY_PHASE_STRIP = NO;
				DEBUG_INFORMATION_FORMAT = dwarf;
				ENABLE_STRICT_OBJC_MSGSEND = YES;
				ENABLE_TESTABILITY = YES;
				ENABLE_USER_SCRIPT_SANDBOXING = YES;
				GCC_C_LANGUAGE_STANDARD = gnu17;
				GCC_DYNAMIC_NO_PIC = NO;
				GCC_NO_COMMON_BLOCKS = YES;
				GCC_OPTIMIZATION_LEVEL = 0;
				GCC_PREPROCESSOR_DEFINITIONS = (
					"DEBUG=1",
					"$(inherited)",
				);
				GCC_WARN_64_TO_32_BIT_CONVERSION = YES;
				GCC_WARN_ABOUT_RETURN_TYPE = YES_ERROR;
				GCC_WARN_UNDECLARED_SELECTOR = YES;
				GCC_WARN_UNINITIALIZED_AUTOS = YES_AGGRESSIVE;
				GCC_WARN_UNUSED_FUNCTION = YES;
				GCC_WARN_UNUSED_VARIABLE = YES;
				IPHONEOS_DEPLOYMENT_TARGET = 17.0;
				LOCALIZATION_PREFERS_STRING_CATALOGS = YES;
				MTL_ENABLE_DEBUG_INFO = INCLUDE_SOURCE;
				MTL_FAST_MATH = YES;
				ONLY_ACTIVE_ARCH = YES;
				SDKROOT = iphoneos;
				SWIFT_ACTIVE_COMPILATION_CONDITIONS = "DEBUG $(inherited)";
				SWIFT_OPTIMIZATION_LEVEL = "-Onone";
			};
			name = Debug;
		};
		213987332BFB767D0050214E /* Release */ = {
			isa = XCBuildConfiguration;
			buildSettings = {
				ALWAYS_SEARCH_USER_PATHS = NO;
				ASSETCATALOG_COMPILER_GENERATE_SWIFT_ASSET_SYMBOL_EXTENSIONS = YES;
				CLANG_ANALYZER_NONNULL = YES;
				CLANG_ANALYZER_NUMBER_OBJECT_CONVERSION = YES_AGGRESSIVE;
				CLANG_CXX_LANGUAGE_STANDARD = "gnu++20";
				CLANG_ENABLE_MODULES = YES;
				CLANG_ENABLE_OBJC_ARC = YES;
				CLANG_ENABLE_OBJC_WEAK = YES;
				CLANG_WARN_BLOCK_CAPTURE_AUTORELEASING = YES;
				CLANG_WARN_BOOL_CONVERSION = YES;
				CLANG_WARN_COMMA = YES;
				CLANG_WARN_CONSTANT_CONVERSION = YES;
				CLANG_WARN_DEPRECATED_OBJC_IMPLEMENTATIONS = YES;
				CLANG_WARN_DIRECT_OBJC_ISA_USAGE = YES_ERROR;
				CLANG_WARN_DOCUMENTATION_COMMENTS = YES;
				CLANG_WARN_EMPTY_BODY = YES;
				CLANG_WARN_ENUM_CONVERSION = YES;
				CLANG_WARN_INFINITE_RECURSION = YES;
				CLANG_WARN_INT_CONVERSION = YES;
				CLANG_WARN_NON_LITERAL_NULL_CONVERSION = YES;
				CLANG_WARN_OBJC_IMPLICIT_RETAIN_SELF = YES;
				CLANG_WARN_OBJC_LITERAL_CONVERSION = YES;
				CLANG_WARN_OBJC_ROOT_CLASS = YES_ERROR;
				CLANG_WARN_QUOTED_INCLUDE_IN_FRAMEWORK_HEADER = YES;
				CLANG_WARN_RANGE_LOOP_ANALYSIS = YES;
				CLANG_WARN_STRICT_PROTOTYPES = YES;
				CLANG_WARN_SUSPICIOUS_MOVE = YES;
				CLANG_WARN_UNGUARDED_AVAILABILITY = YES_AGGRESSIVE;
				CLANG_WARN_UNREACHABLE_CODE = YES;
				CLANG_WARN__DUPLICATE_METHOD_MATCH = YES;
				COPY_PHASE_STRIP = NO;
				DEBUG_INFORMATION_FORMAT = "dwarf-with-dsym";
				ENABLE_NS_ASSERTIONS = NO;
				ENABLE_STRICT_OBJC_MSGSEND = YES;
				ENABLE_USER_SCRIPT_SANDBOXING = YES;
				GCC_C_LANGUAGE_STANDARD = gnu17;
				GCC_NO_COMMON_BLOCKS = YES;
				GCC_WARN_64_TO_32_BIT_CONVERSION = YES;
				GCC_WARN_ABOUT_RETURN_TYPE = YES_ERROR;
				GCC_WARN_UNDECLARED_SELECTOR = YES;
				GCC_WARN_UNINITIALIZED_AUTOS = YES_AGGRESSIVE;
				GCC_WARN_UNUSED_FUNCTION = YES;
				GCC_WARN_UNUSED_VARIABLE = YES;
				IPHONEOS_DEPLOYMENT_TARGET = 17.0;
				LOCALIZATION_PREFERS_STRING_CATALOGS = YES;
				MTL_ENABLE_DEBUG_INFO = NO;
				MTL_FAST_MATH = YES;
				SDKROOT = iphoneos;
				SWIFT_COMPILATION_MODE = wholemodule;
				VALIDATE_PRODUCT = YES;
			};
			name = Release;
		};
		213987352BFB767D0050214E /* Debug */ = {
			isa = XCBuildConfiguration;
			buildSettings = {
				ALWAYS_EMBED_SWIFT_STANDARD_LIBRARIES = YES;
				ASSETCATALOG_COMPILER_APPICON_NAME = AppIcon;
				ASSETCATALOG_COMPILER_GLOBAL_ACCENT_COLOR_NAME = AccentColor;
				CODE_SIGN_ENTITLEMENTS = trofi.entitlements;
				CODE_SIGN_STYLE = Automatic;
				CURRENT_PROJECT_VERSION = 1;
				DEVELOPMENT_ASSET_PATHS = "\"trofiApp/Preview Content\"";
				DEVELOPMENT_TEAM = 42NWXG687M;
				ENABLE_PREVIEWS = YES;
				GENERATE_INFOPLIST_FILE = YES;
				INFOPLIST_FILE = trofiApp/Info.plist;
				INFOPLIST_KEY_NSCameraUsageDescription = "taking pics";
				INFOPLIST_KEY_UIApplicationSceneManifest_Generation = YES;
				INFOPLIST_KEY_UIApplicationSupportsIndirectInputEvents = YES;
				INFOPLIST_KEY_UILaunchScreen_Generation = YES;
				INFOPLIST_KEY_UISupportedInterfaceOrientations_iPad = "UIInterfaceOrientationPortrait UIInterfaceOrientationPortraitUpsideDown UIInterfaceOrientationLandscapeLeft UIInterfaceOrientationLandscapeRight";
				INFOPLIST_KEY_UISupportedInterfaceOrientations_iPhone = "UIInterfaceOrientationPortrait UIInterfaceOrientationLandscapeLeft UIInterfaceOrientationLandscapeRight";
				LD_RUNPATH_SEARCH_PATHS = (
					"$(inherited)",
					"@executable_path/Frameworks",
				);
				MARKETING_VERSION = 1.02;
				PRODUCT_BUNDLE_IDENTIFIER = me.jeddin.trofi;
				PRODUCT_NAME = "$(TARGET_NAME)";
				SWIFT_EMIT_LOC_STRINGS = YES;
				SWIFT_VERSION = 5.0;
				TARGETED_DEVICE_FAMILY = "1,2";
			};
			name = Debug;
		};
		213987362BFB767D0050214E /* Release */ = {
			isa = XCBuildConfiguration;
			buildSettings = {
				ALWAYS_EMBED_SWIFT_STANDARD_LIBRARIES = YES;
				ASSETCATALOG_COMPILER_APPICON_NAME = AppIcon;
				ASSETCATALOG_COMPILER_GLOBAL_ACCENT_COLOR_NAME = AccentColor;
				CODE_SIGN_ENTITLEMENTS = trofi.entitlements;
				CODE_SIGN_STYLE = Automatic;
				CURRENT_PROJECT_VERSION = 1;
				DEVELOPMENT_ASSET_PATHS = "\"trofiApp/Preview Content\"";
				DEVELOPMENT_TEAM = 42NWXG687M;
				ENABLE_PREVIEWS = YES;
				GENERATE_INFOPLIST_FILE = YES;
				INFOPLIST_FILE = trofiApp/Info.plist;
				INFOPLIST_KEY_NSCameraUsageDescription = "taking pics";
				INFOPLIST_KEY_UIApplicationSceneManifest_Generation = YES;
				INFOPLIST_KEY_UIApplicationSupportsIndirectInputEvents = YES;
				INFOPLIST_KEY_UILaunchScreen_Generation = YES;
				INFOPLIST_KEY_UISupportedInterfaceOrientations_iPad = "UIInterfaceOrientationPortrait UIInterfaceOrientationPortraitUpsideDown UIInterfaceOrientationLandscapeLeft UIInterfaceOrientationLandscapeRight";
				INFOPLIST_KEY_UISupportedInterfaceOrientations_iPhone = "UIInterfaceOrientationPortrait UIInterfaceOrientationLandscapeLeft UIInterfaceOrientationLandscapeRight";
				LD_RUNPATH_SEARCH_PATHS = (
					"$(inherited)",
					"@executable_path/Frameworks",
				);
				MARKETING_VERSION = 1.02;
				PRODUCT_BUNDLE_IDENTIFIER = me.jeddin.trofi;
				PRODUCT_NAME = "$(TARGET_NAME)";
				SWIFT_EMIT_LOC_STRINGS = YES;
				SWIFT_VERSION = 5.0;
				TARGETED_DEVICE_FAMILY = "1,2";
			};
			name = Release;
		};
		218630272BFCE19700599708 /* Debug */ = {
			isa = XCBuildConfiguration;
			buildSettings = {
				ASSETCATALOG_COMPILER_GLOBAL_ACCENT_COLOR_NAME = AccentColor;
				ASSETCATALOG_COMPILER_WIDGET_BACKGROUND_COLOR_NAME = WidgetBackground;
				CODE_SIGN_STYLE = Automatic;
				CURRENT_PROJECT_VERSION = 1;
				DEVELOPMENT_TEAM = 42NWXG687M;
				GENERATE_INFOPLIST_FILE = YES;
				INFOPLIST_FILE = LogDIshWidget/Info.plist;
				INFOPLIST_KEY_CFBundleDisplayName = LogDIshWidget;
				INFOPLIST_KEY_NSHumanReadableCopyright = "";
				LD_RUNPATH_SEARCH_PATHS = (
					"$(inherited)",
					"@executable_path/Frameworks",
					"@executable_path/../../Frameworks",
				);
				MARKETING_VERSION = 1.0;
				PRODUCT_BUNDLE_IDENTIFIER = me.jeddin.trofi.LogDIshWidget;
				PRODUCT_NAME = "$(TARGET_NAME)";
				SKIP_INSTALL = YES;
				SWIFT_EMIT_LOC_STRINGS = YES;
				SWIFT_VERSION = 5.0;
				TARGETED_DEVICE_FAMILY = "1,2";
			};
			name = Debug;
		};
		218630282BFCE19700599708 /* Release */ = {
			isa = XCBuildConfiguration;
			buildSettings = {
				ASSETCATALOG_COMPILER_GLOBAL_ACCENT_COLOR_NAME = AccentColor;
				ASSETCATALOG_COMPILER_WIDGET_BACKGROUND_COLOR_NAME = WidgetBackground;
				CODE_SIGN_STYLE = Automatic;
				CURRENT_PROJECT_VERSION = 1;
				DEVELOPMENT_TEAM = 42NWXG687M;
				GENERATE_INFOPLIST_FILE = YES;
				INFOPLIST_FILE = LogDIshWidget/Info.plist;
				INFOPLIST_KEY_CFBundleDisplayName = LogDIshWidget;
				INFOPLIST_KEY_NSHumanReadableCopyright = "";
				LD_RUNPATH_SEARCH_PATHS = (
					"$(inherited)",
					"@executable_path/Frameworks",
					"@executable_path/../../Frameworks",
				);
				MARKETING_VERSION = 1.0;
				PRODUCT_BUNDLE_IDENTIFIER = me.jeddin.trofi.LogDIshWidget;
				PRODUCT_NAME = "$(TARGET_NAME)";
				SKIP_INSTALL = YES;
				SWIFT_EMIT_LOC_STRINGS = YES;
				SWIFT_VERSION = 5.0;
				TARGETED_DEVICE_FAMILY = "1,2";
			};
			name = Release;
		};
/* End XCBuildConfiguration section */

/* Begin XCConfigurationList section */
		213987212BFB767C0050214E /* Build configuration list for PBXProject "trofi" */ = {
			isa = XCConfigurationList;
			buildConfigurations = (
				213987322BFB767D0050214E /* Debug */,
				213987332BFB767D0050214E /* Release */,
			);
			defaultConfigurationIsVisible = 0;
			defaultConfigurationName = Release;
		};
		213987342BFB767D0050214E /* Build configuration list for PBXNativeTarget "trofi" */ = {
			isa = XCConfigurationList;
			buildConfigurations = (
				213987352BFB767D0050214E /* Debug */,
				213987362BFB767D0050214E /* Release */,
			);
			defaultConfigurationIsVisible = 0;
			defaultConfigurationName = Release;
		};
		218630292BFCE19700599708 /* Build configuration list for PBXNativeTarget "LogDIshWidgetExtension" */ = {
			isa = XCConfigurationList;
			buildConfigurations = (
				218630272BFCE19700599708 /* Debug */,
				218630282BFCE19700599708 /* Release */,
			);
			defaultConfigurationIsVisible = 0;
			defaultConfigurationName = Release;
		};
/* End XCConfigurationList section */
	};
	rootObject = 2139871E2BFB767C0050214E /* Project object */;
}
